
Microsoft Visual Studio Solution File, Format Version 12.00
# Visual Studio 15
VisualStudioVersion = 15.0.27130.2026
MinimumVisualStudioVersion = 10.0.40219.1
Project("{FAE04EC0-301F-11D3-BF4B-00C04F79EFBC}") = "SpiralMatrix", "SpiralMatrix\SpiralMatrix.csproj", "{B47CAD78-0ECA-468F-BFC3-4009CF778368}"
EndProject
Project("{FAE04EC0-301F-11D3-BF4B-00C04F79EFBC}") = "TestSpiralMatrix", "TestSpiralMatrix\TestSpiralMatrix.csproj", "{DC0B0903-8203-4E06-B0E8-6BA27550E68F}"
EndProject
Global
	GlobalSection(SolutionConfigurationPlatforms) = preSolution
		Debug|Any CPU = Debug|Any CPU
		Release|Any CPU = Release|Any CPU
	EndGlobalSection
	GlobalSection(ProjectConfigurationPlatforms) = postSolution
		{B47CAD78-0ECA-468F-BFC3-4009CF778368}.Debug|Any CPU.ActiveCfg = Debug|Any CPU
		{B47CAD78-0ECA-468F-BFC3-4009CF778368}.Debug|Any CPU.Build.0 = Debug|Any CPU
		{B47CAD78-0ECA-468F-BFC3-4009CF778368}.Release|Any CPU.ActiveCfg = Release|Any CPU
		{B47CAD78-0ECA-468F-BFC3-4009CF778368}.Release|Any CPU.Build.0 = Release|Any CPU
		{DC0B0903-8203-4E06-B0E8-6BA27550E68F}.Debug|Any CPU.ActiveCfg = Debug|Any CPU
		{DC0B0903-8203-4E06-B0E8-6BA27550E68F}.Debug|Any CPU.Build.0 = Debug|Any CPU
		{DC0B0903-8203-4E06-B0E8-6BA27550E68F}.Release|Any CPU.ActiveCfg = Release|Any CPU
		{DC0B0903-8203-4E06-B0E8-6BA27550E68F}.Release|Any CPU.Build.0 = Release|Any CPU
	EndGlobalSection
	GlobalSection(SolutionProperties) = preSolution
		HideSolutionNode = FALSE
	EndGlobalSection
	GlobalSection(ExtensibilityGlobals) = postSolution
		SolutionGuid = {2780FE6A-1902-47CE-AA37-61A820EC671E}
	EndGlobalSection
EndGlobal
